// !$*UTF8*$!
{
	archiveVersion = 1;
	classes = {
	};
	objectVersion = 55;
	objects = {

/* Begin PBXBuildFile section */
		BFF4A7D127DB7DA500446A1F /* UrayApp.swift in Sources */ = {isa = PBXBuildFile; fileRef = BFF4A7D027DB7DA500446A1F /* UrayApp.swift */; };
		BFF4A7D327DB7DA500446A1F /* ContentView.swift in Sources */ = {isa = PBXBuildFile; fileRef = BFF4A7D227DB7DA500446A1F /* ContentView.swift */; };
		BFF4A7D527DB7DA700446A1F /* Assets.xcassets in Resources */ = {isa = PBXBuildFile; fileRef = BFF4A7D427DB7DA700446A1F /* Assets.xcassets */; };
		BFF4A7D827DB7DA700446A1F /* Preview Assets.xcassets in Resources */ = {isa = PBXBuildFile; fileRef = BFF4A7D727DB7DA700446A1F /* Preview Assets.xcassets */; };
		BFF4A7E227DB8A7F00446A1F /* BaseView.swift in Sources */ = {isa = PBXBuildFile; fileRef = BFF4A7E127DB8A7F00446A1F /* BaseView.swift */; };
		BFF4A7E427DB8ADF00446A1F /* BaseViewModel.swift in Sources */ = {isa = PBXBuildFile; fileRef = BFF4A7E327DB8ADF00446A1F /* BaseViewModel.swift */; };
		BFF4A7E627DB92B300446A1F /* CustomCurveShape.swift in Sources */ = {isa = PBXBuildFile; fileRef = BFF4A7E527DB92B300446A1F /* CustomCurveShape.swift */; };
		BFF4A7E827DB968C00446A1F /* Home.swift in Sources */ = {isa = PBXBuildFile; fileRef = BFF4A7E727DB968C00446A1F /* Home.swift */; };
		BFF4A7EA27DBB37C00446A1F /* Product.swift in Sources */ = {isa = PBXBuildFile; fileRef = BFF4A7E927DBB37C00446A1F /* Product.swift */; };
		BFF4A7EC27DBC1AE00446A1F /* DetailView.swift in Sources */ = {isa = PBXBuildFile; fileRef = BFF4A7EB27DBC1AE00446A1F /* DetailView.swift */; };
		BFF4A7EE27DBDD5500446A1F /* HomeSlider.swift in Sources */ = {isa = PBXBuildFile; fileRef = BFF4A7ED27DBDD5500446A1F /* HomeSlider.swift */; };
		BFF4A7F027DBE09400446A1F /* Slider.swift in Sources */ = {isa = PBXBuildFile; fileRef = BFF4A7EF27DBE09400446A1F /* Slider.swift */; };
/* End PBXBuildFile section */

/* Begin PBXFileReference section */
		BFF4A7CD27DB7DA500446A1F /* Uray.app */ = {isa = PBXFileReference; explicitFileType = wrapper.application; includeInIndex = 0; path = Uray.app; sourceTree = BUILT_PRODUCTS_DIR; };
		BFF4A7D027DB7DA500446A1F /* UrayApp.swift */ = {isa = PBXFileReference; lastKnownFileType = sourcecode.swift; path = UrayApp.swift; sourceTree = "<group>"; };
		BFF4A7D227DB7DA500446A1F /* ContentView.swift */ = {isa = PBXFileReference; lastKnownFileType = sourcecode.swift; path = ContentView.swift; sourceTree = "<group>"; };
		BFF4A7D427DB7DA700446A1F /* Assets.xcassets */ = {isa = PBXFileReference; lastKnownFileType = folder.assetcatalog; path = Assets.xcassets; sourceTree = "<group>"; };
		BFF4A7D727DB7DA700446A1F /* Preview Assets.xcassets */ = {isa = PBXFileReference; lastKnownFileType = folder.assetcatalog; path = "Preview Assets.xcassets"; sourceTree = "<group>"; };
		BFF4A7E127DB8A7F00446A1F /* BaseView.swift */ = {isa = PBXFileReference; lastKnownFileType = sourcecode.swift; path = BaseView.swift; sourceTree = "<group>"; };
		BFF4A7E327DB8ADF00446A1F /* BaseViewModel.swift */ = {isa = PBXFileReference; lastKnownFileType = sourcecode.swift; path = BaseViewModel.swift; sourceTree = "<group>"; };
		BFF4A7E527DB92B300446A1F /* CustomCurveShape.swift */ = {isa = PBXFileReference; lastKnownFileType = sourcecode.swift; path = CustomCurveShape.swift; sourceTree = "<group>"; };
		BFF4A7E727DB968C00446A1F /* Home.swift */ = {isa = PBXFileReference; lastKnownFileType = sourcecode.swift; path = Home.swift; sourceTree = "<group>"; };
		BFF4A7E927DBB37C00446A1F /* Product.swift */ = {isa = PBXFileReference; lastKnownFileType = sourcecode.swift; path = Product.swift; sourceTree = "<group>"; };
		BFF4A7EB27DBC1AE00446A1F /* DetailView.swift */ = {isa = PBXFileReference; lastKnownFileType = sourcecode.swift; path = DetailView.swift; sourceTree = "<group>"; };
		BFF4A7ED27DBDD5500446A1F /* HomeSlider.swift */ = {isa = PBXFileReference; lastKnownFileType = sourcecode.swift; path = HomeSlider.swift; sourceTree = "<group>"; };
		BFF4A7EF27DBE09400446A1F /* Slider.swift */ = {isa = PBXFileReference; lastKnownFileType = sourcecode.swift; path = Slider.swift; sourceTree = "<group>"; };
/* End PBXFileReference section */

/* Begin PBXFrameworksBuildPhase section */
		BFF4A7CA27DB7DA500446A1F /* Frameworks */ = {
			isa = PBXFrameworksBuildPhase;
			buildActionMask = 2147483647;
			files = (
			);
			runOnlyForDeploymentPostprocessing = 0;
		};
/* End PBXFrameworksBuildPhase section */

/* Begin PBXGroup section */
		BFF4A7C427DB7DA500446A1F = {
			isa = PBXGroup;
			children = (
				BFF4A7CF27DB7DA500446A1F /* Uray */,
				BFF4A7CE27DB7DA500446A1F /* Products */,
			);
			sourceTree = "<group>";
		};
		BFF4A7CE27DB7DA500446A1F /* Products */ = {
			isa = PBXGroup;
			children = (
				BFF4A7CD27DB7DA500446A1F /* Uray.app */,
			);
			name = Products;
			sourceTree = "<group>";
		};
		BFF4A7CF27DB7DA500446A1F /* Uray */ = {
			isa = PBXGroup;
			children = (
				BFF4A7E027DB89ED00446A1F /* Model */,
				BFF4A7DF27DB89DA00446A1F /* ViewModel */,
				BFF4A7DE27DB89D100446A1F /* View */,
				BFF4A7D027DB7DA500446A1F /* UrayApp.swift */,
				BFF4A7D227DB7DA500446A1F /* ContentView.swift */,
				BFF4A7D427DB7DA700446A1F /* Assets.xcassets */,
				BFF4A7D627DB7DA700446A1F /* Preview Content */,
			);
			path = Uray;
			sourceTree = "<group>";
		};
		BFF4A7D627DB7DA700446A1F /* Preview Content */ = {
			isa = PBXGroup;
			children = (
				BFF4A7D727DB7DA700446A1F /* Preview Assets.xcassets */,
			);
			path = "Preview Content";
			sourceTree = "<group>";
		};
		BFF4A7DE27DB89D100446A1F /* View */ = {
			isa = PBXGroup;
			children = (
				BFF4A7E127DB8A7F00446A1F /* BaseView.swift */,
				BFF4A7E527DB92B300446A1F /* CustomCurveShape.swift */,
				BFF4A7E727DB968C00446A1F /* Home.swift */,
				BFF4A7EB27DBC1AE00446A1F /* DetailView.swift */,
				BFF4A7ED27DBDD5500446A1F /* HomeSlider.swift */,
			);
			path = View;
			sourceTree = "<group>";
		};
		BFF4A7DF27DB89DA00446A1F /* ViewModel */ = {
			isa = PBXGroup;
			children = (
				BFF4A7E327DB8ADF00446A1F /* BaseViewModel.swift */,
			);
			path = ViewModel;
			sourceTree = "<group>";
		};
		BFF4A7E027DB89ED00446A1F /* Model */ = {
			isa = PBXGroup;
			children = (
				BFF4A7E927DBB37C00446A1F /* Product.swift */,
				BFF4A7EF27DBE09400446A1F /* Slider.swift */,
			);
			path = Model;
			sourceTree = "<group>";
		};
/* End PBXGroup section */

/* Begin PBXNativeTarget section */
		BFF4A7CC27DB7DA500446A1F /* Uray */ = {
			isa = PBXNativeTarget;
			buildConfigurationList = BFF4A7DB27DB7DA700446A1F /* Build configuration list for PBXNativeTarget "Uray" */;
			buildPhases = (
				BFF4A7C927DB7DA500446A1F /* Sources */,
				BFF4A7CA27DB7DA500446A1F /* Frameworks */,
				BFF4A7CB27DB7DA500446A1F /* Resources */,
			);
			buildRules = (
			);
			dependencies = (
			);
			name = Uray;
			productName = Uray;
			productReference = BFF4A7CD27DB7DA500446A1F /* Uray.app */;
			productType = "com.apple.product-type.application";
		};
/* End PBXNativeTarget section */

/* Begin PBXProject section */
		BFF4A7C527DB7DA500446A1F /* Project object */ = {
			isa = PBXProject;
			attributes = {
				BuildIndependentTargetsInParallel = 1;
				LastSwiftUpdateCheck = 1320;
				LastUpgradeCheck = 1320;
				TargetAttributes = {
					BFF4A7CC27DB7DA500446A1F = {
						CreatedOnToolsVersion = 13.2.1;
					};
				};
			};
			buildConfigurationList = BFF4A7C827DB7DA500446A1F /* Build configuration list for PBXProject "Uray" */;
			compatibilityVersion = "Xcode 13.0";
			developmentRegion = en;
			hasScannedForEncodings = 0;
			knownRegions = (
				en,
				Base,
			);
			mainGroup = BFF4A7C427DB7DA500446A1F;
			productRefGroup = BFF4A7CE27DB7DA500446A1F /* Products */;
			projectDirPath = "";
			projectRoot = "";
			targets = (
				BFF4A7CC27DB7DA500446A1F /* Uray */,
			);
		};
/* End PBXProject section */

/* Begin PBXResourcesBuildPhase section */
		BFF4A7CB27DB7DA500446A1F /* Resources */ = {
			isa = PBXResourcesBuildPhase;
			buildActionMask = 2147483647;
			files = (
				BFF4A7D827DB7DA700446A1F /* Preview Assets.xcassets in Resources */,
				BFF4A7D527DB7DA700446A1F /* Assets.xcassets in Resources */,
			);
			runOnlyForDeploymentPostprocessing = 0;
		};
/* End PBXResourcesBuildPhase section */

/* Begin PBXSourcesBuildPhase section */
		BFF4A7C927DB7DA500446A1F /* Sources */ = {
			isa = PBXSourcesBuildPhase;
			buildActionMask = 2147483647;
			files = (
				BFF4A7E227DB8A7F00446A1F /* BaseView.swift in Sources */,
				BFF4A7EC27DBC1AE00446A1F /* DetailView.swift in Sources */,
				BFF4A7E427DB8ADF00446A1F /* BaseViewModel.swift in Sources */,
				BFF4A7E627DB92B300446A1F /* CustomCurveShape.swift in Sources */,
				BFF4A7F027DBE09400446A1F /* Slider.swift in Sources */,
				BFF4A7D327DB7DA500446A1F /* ContentView.swift in Sources */,
				BFF4A7EE27DBDD5500446A1F /* HomeSlider.swift in Sources */,
				BFF4A7E827DB968C00446A1F /* Home.swift in Sources */,
				BFF4A7D127DB7DA500446A1F /* UrayApp.swift in Sources */,
				BFF4A7EA27DBB37C00446A1F /* Product.swift in Sources */,
			);
			runOnlyForDeploymentPostprocessing = 0;
		};
/* End PBXSourcesBuildPhase section */

/* Begin XCBuildConfiguration section */
		BFF4A7D927DB7DA700446A1F /* Debug */ = {
			isa = XCBuildConfiguration;
			buildSettings = {
				ALWAYS_SEARCH_USER_PATHS = NO;
				CLANG_ANALYZER_NONNULL = YES;
				CLANG_ANALYZER_NUMBER_OBJECT_CONVERSION = YES_AGGRESSIVE;
				CLANG_CXX_LANGUAGE_STANDARD = "gnu++17";
				CLANG_CXX_LIBRARY = "libc++";
				CLANG_ENABLE_MODULES = YES;
				CLANG_ENABLE_OBJC_ARC = YES;
				CLANG_ENABLE_OBJC_WEAK = YES;
				CLANG_WARN_BLOCK_CAPTURE_AUTORELEASING = YES;
				CLANG_WARN_BOOL_CONVERSION = YES;
				CLANG_WARN_COMMA = YES;
				CLANG_WARN_CONSTANT_CONVERSION = YES;
				CLANG_WARN_DEPRECATED_OBJC_IMPLEMENTATIONS = YES;
				CLANG_WARN_DIRECT_OBJC_ISA_USAGE = YES_ERROR;
				CLANG_WARN_DOCUMENTATION_COMMENTS = YES;
				CLANG_WARN_EMPTY_BODY = YES;
				CLANG_WARN_ENUM_CONVERSION = YES;
				CLANG_WARN_INFINITE_RECURSION = YES;
				CLANG_WARN_INT_CONVERSION = YES;
				CLANG_WARN_NON_LITERAL_NULL_CONVERSION = YES;
				CLANG_WARN_OBJC_IMPLICIT_RETAIN_SELF = YES;
				CLANG_WARN_OBJC_LITERAL_CONVERSION = YES;
				CLANG_WARN_OBJC_ROOT_CLASS = YES_ERROR;
				CLANG_WARN_QUOTED_INCLUDE_IN_FRAMEWORK_HEADER = YES;
				CLANG_WARN_RANGE_LOOP_ANALYSIS = YES;
				CLANG_WARN_STRICT_PROTOTYPES = YES;
				CLANG_WARN_SUSPICIOUS_MOVE = YES;
				CLANG_WARN_UNGUARDED_AVAILABILITY = YES_AGGRESSIVE;
				CLANG_WARN_UNREACHABLE_CODE = YES;
				CLANG_WARN__DUPLICATE_METHOD_MATCH = YES;
				COPY_PHASE_STRIP = NO;
				DEBUG_INFORMATION_FORMAT = dwarf;
				ENABLE_STRICT_OBJC_MSGSEND = YES;
				ENABLE_TESTABILITY = YES;
				GCC_C_LANGUAGE_STANDARD = gnu11;
				GCC_DYNAMIC_NO_PIC = NO;
				GCC_NO_COMMON_BLOCKS = YES;
				GCC_OPTIMIZATION_LEVEL = 0;
				GCC_PREPROCESSOR_DEFINITIONS = (
					"DEBUG=1",
					"$(inherited)",
				);
				GCC_WARN_64_TO_32_BIT_CONVERSION = YES;
				GCC_WARN_ABOUT_RETURN_TYPE = YES_ERROR;
				GCC_WARN_UNDECLARED_SELECTOR = YES;
				GCC_WARN_UNINITIALIZED_AUTOS = YES_AGGRESSIVE;
				GCC_WARN_UNUSED_FUNCTION = YES;
				GCC_WARN_UNUSED_VARIABLE = YES;
				IPHONEOS_DEPLOYMENT_TARGET = 15.2;
				MTL_ENABLE_DEBUG_INFO = INCLUDE_SOURCE;
				MTL_FAST_MATH = YES;
				ONLY_ACTIVE_ARCH = YES;
				SDKROOT = iphoneos;
				SWIFT_ACTIVE_COMPILATION_CONDITIONS = DEBUG;
				SWIFT_OPTIMIZATION_LEVEL = "-Onone";
			};
			name = Debug;
		};
		BFF4A7DA27DB7DA700446A1F /* Release */ = {
			isa = XCBuildConfiguration;
			buildSettings = {
				ALWAYS_SEARCH_USER_PATHS = NO;
				CLANG_ANALYZER_NONNULL = YES;
				CLANG_ANALYZER_NUMBER_OBJECT_CONVERSION = YES_AGGRESSIVE;
				CLANG_CXX_LANGUAGE_STANDARD = "gnu++17";
				CLANG_CXX_LIBRARY = "libc++";
				CLANG_ENABLE_MODULES = YES;
				CLANG_ENABLE_OBJC_ARC = YES;
				CLANG_ENABLE_OBJC_WEAK = YES;
				CLANG_WARN_BLOCK_CAPTURE_AUTORELEASING = YES;
				CLANG_WARN_BOOL_CONVERSION = YES;
				CLANG_WARN_COMMA = YES;
				CLANG_WARN_CONSTANT_CONVERSION = YES;
				CLANG_WARN_DEPRECATED_OBJC_IMPLEMENTATIONS = YES;
				CLANG_WARN_DIRECT_OBJC_ISA_USAGE = YES_ERROR;
				CLANG_WARN_DOCUMENTATION_COMMENTS = YES;
				CLANG_WARN_EMPTY_BODY = YES;
				CLANG_WARN_ENUM_CONVERSION = YES;
				CLANG_WARN_INFINITE_RECURSION = YES;
				CLANG_WARN_INT_CONVERSION = YES;
				CLANG_WARN_NON_LITERAL_NULL_CONVERSION = YES;
				CLANG_WARN_OBJC_IMPLICIT_RETAIN_SELF = YES;
				CLANG_WARN_OBJC_LITERAL_CONVERSION = YES;
				CLANG_WARN_OBJC_ROOT_CLASS = YES_ERROR;
				CLANG_WARN_QUOTED_INCLUDE_IN_FRAMEWORK_HEADER = YES;
				CLANG_WARN_RANGE_LOOP_ANALYSIS = YES;
				CLANG_WARN_STRICT_PROTOTYPES = YES;
				CLANG_WARN_SUSPICIOUS_MOVE = YES;
				CLANG_WARN_UNGUARDED_AVAILABILITY = YES_AGGRESSIVE;
				CLANG_WARN_UNREACHABLE_CODE = YES;
				CLANG_WARN__DUPLICATE_METHOD_MATCH = YES;
				COPY_PHASE_STRIP = NO;
				DEBUG_INFORMATION_FORMAT = "dwarf-with-dsym";
				ENABLE_NS_ASSERTIONS = NO;
				ENABLE_STRICT_OBJC_MSGSEND = YES;
				GCC_C_LANGUAGE_STANDARD = gnu11;
				GCC_NO_COMMON_BLOCKS = YES;
				GCC_WARN_64_TO_32_BIT_CONVERSION = YES;
				GCC_WARN_ABOUT_RETURN_TYPE = YES_ERROR;
				GCC_WARN_UNDECLARED_SELECTOR = YES;
				GCC_WARN_UNINITIALIZED_AUTOS = YES_AGGRESSIVE;
				GCC_WARN_UNUSED_FUNCTION = YES;
				GCC_WARN_UNUSED_VARIABLE = YES;
				IPHONEOS_DEPLOYMENT_TARGET = 15.2;
				MTL_ENABLE_DEBUG_INFO = NO;
				MTL_FAST_MATH = YES;
				SDKROOT = iphoneos;
				SWIFT_COMPILATION_MODE = wholemodule;
				SWIFT_OPTIMIZATION_LEVEL = "-O";
				VALIDATE_PRODUCT = YES;
			};
			name = Release;
		};
		BFF4A7DC27DB7DA700446A1F /* Debug */ = {
			isa = XCBuildConfiguration;
			buildSettings = {
				ASSETCATALOG_COMPILER_APPICON_NAME = AppIcon;
				ASSETCATALOG_COMPILER_GLOBAL_ACCENT_COLOR_NAME = AccentColor;
				CODE_SIGN_STYLE = Automatic;
				CURRENT_PROJECT_VERSION = 1;
				DEVELOPMENT_ASSET_PATHS = "\"Uray/Preview Content\"";
				ENABLE_PREVIEWS = YES;
				GENERATE_INFOPLIST_FILE = YES;
				INFOPLIST_KEY_UIApplicationSceneManifest_Generation = YES;
				INFOPLIST_KEY_UIApplicationSupportsIndirectInputEvents = YES;
				INFOPLIST_KEY_UILaunchScreen_Generation = YES;
				INFOPLIST_KEY_UISupportedInterfaceOrientations_iPad = "UIInterfaceOrientationPortrait UIInterfaceOrientationPortraitUpsideDown UIInterfaceOrientationLandscapeLeft UIInterfaceOrientationLandscapeRight";
				INFOPLIST_KEY_UISupportedInterfaceOrientations_iPhone = "UIInterfaceOrientationPortrait UIInterfaceOrientationLandscapeLeft UIInterfaceOrientationLandscapeRight";
				LD_RUNPATH_SEARCH_PATHS = (
					"$(inherited)",
					"@executable_path/Frameworks",
				);
				MARKETING_VERSION = 1.0;
				PRODUCT_BUNDLE_IDENTIFIER = com.orixlab.Uray;
				PRODUCT_NAME = "$(TARGET_NAME)";
				SWIFT_EMIT_LOC_STRINGS = YES;
				SWIFT_VERSION = 5.0;
				TARGETED_DEVICE_FAMILY = "1,2";
			};
			name = Debug;
		};
		BFF4A7DD27DB7DA700446A1F /* Release */ = {
			isa = XCBuildConfiguration;
			buildSettings = {
				ASSETCATALOG_COMPILER_APPICON_NAME = AppIcon;
				ASSETCATALOG_COMPILER_GLOBAL_ACCENT_COLOR_NAME = AccentColor;
				CODE_SIGN_STYLE = Automatic;
				CURRENT_PROJECT_VERSION = 1;
				DEVELOPMENT_ASSET_PATHS = "\"Uray/Preview Content\"";
				ENABLE_PREVIEWS = YES;
				GENERATE_INFOPLIST_FILE = YES;
				INFOPLIST_KEY_UIApplicationSceneManifest_Generation = YES;
				INFOPLIST_KEY_UIApplicationSupportsIndirectInputEvents = YES;
				INFOPLIST_KEY_UILaunchScreen_Generation = YES;
				INFOPLIST_KEY_UISupportedInterfaceOrientations_iPad = "UIInterfaceOrientationPortrait UIInterfaceOrientationPortraitUpsideDown UIInterfaceOrientationLandscapeLeft UIInterfaceOrientationLandscapeRight";
				INFOPLIST_KEY_UISupportedInterfaceOrientations_iPhone = "UIInterfaceOrientationPortrait UIInterfaceOrientationLandscapeLeft UIInterfaceOrientationLandscapeRight";
				LD_RUNPATH_SEARCH_PATHS = (
					"$(inherited)",
					"@executable_path/Frameworks",
				);
				MARKETING_VERSION = 1.0;
				PRODUCT_BUNDLE_IDENTIFIER = com.orixlab.Uray;
				PRODUCT_NAME = "$(TARGET_NAME)";
				SWIFT_EMIT_LOC_STRINGS = YES;
				SWIFT_VERSION = 5.0;
				TARGETED_DEVICE_FAMILY = "1,2";
			};
			name = Release;
		};
/* End XCBuildConfiguration section */

/* Begin XCConfigurationList section */
		BFF4A7C827DB7DA500446A1F /* Build configuration list for PBXProject "Uray" */ = {
			isa = XCConfigurationList;
			buildConfigurations = (
				BFF4A7D927DB7DA700446A1F /* Debug */,
				BFF4A7DA27DB7DA700446A1F /* Release */,
			);
			defaultConfigurationIsVisible = 0;
			defaultConfigurationName = Release;
		};
		BFF4A7DB27DB7DA700446A1F /* Build configuration list for PBXNativeTarget "Uray" */ = {
			isa = XCConfigurationList;
			buildConfigurations = (
				BFF4A7DC27DB7DA700446A1F /* Debug */,
				BFF4A7DD27DB7DA700446A1F /* Release */,
			);
			defaultConfigurationIsVisible = 0;
			defaultConfigurationName = Release;
		};
/* End XCConfigurationList section */
	};
	rootObject = BFF4A7C527DB7DA500446A1F /* Project object */;
}
